
Microsoft Visual Studio Solution File, Format Version 11.00
# Visual Studio 2010
Project("{8BC9CEB8-8B4A-11D0-8D11-00A0C91BC942}") = "Midterm Server", "Midterm Server.vcxproj", "{74127774-F030-4FA7-BF59-EE6030A55A0A}"
EndProject
Global
	GlobalSection(SolutionConfigurationPlatforms) = preSolution
		Debug|Win32 = Debug|Win32
		Release|Win32 = Release|Win32
	EndGlobalSection
	GlobalSection(ProjectConfigurationPlatforms) = postSolution
		{74127774-F030-4FA7-BF59-EE6030A55A0A}.Debug|Win32.ActiveCfg = Debug|Win32
		{74127774-F030-4FA7-BF59-EE6030A55A0A}.Debug|Win32.Build.0 = Debug|Win32
		{74127774-F030-4FA7-BF59-EE6030A55A0A}.Release|Win32.ActiveCfg = Release|Win32
		{74127774-F030-4FA7-BF59-EE6030A55A0A}.Release|Win32.Build.0 = Release|Win32
	EndGlobalSection
	GlobalSection(SolutionProperties) = preSolution
		HideSolutionNode = FALSE
	EndGlobalSection
EndGlobal
